
Microsoft Visual Studio Solution File, Format Version 12.00
# Visual Studio 15
VisualStudioVersion = 15.0.28010.2036
MinimumVisualStudioVersion = 10.0.40219.1
Project("{FAE04EC0-301F-11D3-BF4B-00C04F79EFBC}") = "Exercise 8C Roulettegame", "Exercise 8C Roulettegame\Exercise 8C Roulettegame.csproj", "{A5025A46-B7CD-403D-9BDE-DB1CFED3D523}"
EndProject
Global
	GlobalSection(SolutionConfigurationPlatforms) = preSolution
		Debug|Any CPU = Debug|Any CPU
		Release|Any CPU = Release|Any CPU
	EndGlobalSection
	GlobalSection(ProjectConfigurationPlatforms) = postSolution
		{A5025A46-B7CD-403D-9BDE-DB1CFED3D523}.Debug|Any CPU.ActiveCfg = Debug|Any CPU
		{A5025A46-B7CD-403D-9BDE-DB1CFED3D523}.Debug|Any CPU.Build.0 = Debug|Any CPU
		{A5025A46-B7CD-403D-9BDE-DB1CFED3D523}.Release|Any CPU.ActiveCfg = Release|Any CPU
		{A5025A46-B7CD-403D-9BDE-DB1CFED3D523}.Release|Any CPU.Build.0 = Release|Any CPU
	EndGlobalSection
	GlobalSection(SolutionProperties) = preSolution
		HideSolutionNode = FALSE
	EndGlobalSection
	GlobalSection(ExtensibilityGlobals) = postSolution
		SolutionGuid = {300FED9E-066E-4464-841F-E6E58D38FD58}
	EndGlobalSection
EndGlobal
